// !$*UTF8*$!
{
	archiveVersion = 1;
	classes = {
	};
	objectVersion = 56;
	objects = {

/* Begin PBXBuildFile section */
		A61F18462A69EEB80033DC30 /* Model.swift in Sources */ = {isa = PBXBuildFile; fileRef = A61F18452A69EEB80033DC30 /* Model.swift */; };
		A61F18482A69F94C0033DC30 /* SelectFoodRow.swift in Sources */ = {isa = PBXBuildFile; fileRef = A61F18472A69F94B0033DC30 /* SelectFoodRow.swift */; };
		A61F184A2A6A588F0033DC30 /* PreviewData.swift in Sources */ = {isa = PBXBuildFile; fileRef = A61F18492A6A588F0033DC30 /* PreviewData.swift */; };
		A61F184C2A6A5F090033DC30 /* AddActivity.swift in Sources */ = {isa = PBXBuildFile; fileRef = A61F184B2A6A5F090033DC30 /* AddActivity.swift */; };
		A61F184E2A6A61530033DC30 /* ActivityRow.swift in Sources */ = {isa = PBXBuildFile; fileRef = A61F184D2A6A61530033DC30 /* ActivityRow.swift */; };
		A61F18522A6AEB9F0033DC30 /* dayNumberOfWeek.swift in Sources */ = {isa = PBXBuildFile; fileRef = A61F18512A6AEB9F0033DC30 /* dayNumberOfWeek.swift */; };
		A61F18542A6AF47E0033DC30 /* SetRMR.swift in Sources */ = {isa = PBXBuildFile; fileRef = A61F18532A6AF47E0033DC30 /* SetRMR.swift */; };
		A67879982A6C550C0054F121 /* README.md in Resources */ = {isa = PBXBuildFile; fileRef = A67879972A6C550C0054F121 /* README.md */; };
		A678799A2A6C5A910054F121 /* DayDetailFoods.swift in Sources */ = {isa = PBXBuildFile; fileRef = A67879992A6C5A910054F121 /* DayDetailFoods.swift */; };
		A678799C2A6C5A9E0054F121 /* DayDetailsActivities.swift in Sources */ = {isa = PBXBuildFile; fileRef = A678799B2A6C5A9E0054F121 /* DayDetailsActivities.swift */; };
		A67879A02A6C64A40054F121 /* DayDetailsFoodRow.swift in Sources */ = {isa = PBXBuildFile; fileRef = A678799F2A6C64A40054F121 /* DayDetailsFoodRow.swift */; };
		A6DFD3322A67B223003A2F10 /* Simple_Calorie_CounterApp.swift in Sources */ = {isa = PBXBuildFile; fileRef = A6DFD3312A67B223003A2F10 /* Simple_Calorie_CounterApp.swift */; };
		A6DFD3342A67B223003A2F10 /* ListDays.swift in Sources */ = {isa = PBXBuildFile; fileRef = A6DFD3332A67B223003A2F10 /* ListDays.swift */; };
		A6DFD3362A67B224003A2F10 /* Assets.xcassets in Resources */ = {isa = PBXBuildFile; fileRef = A6DFD3352A67B224003A2F10 /* Assets.xcassets */; };
		A6DFD3392A67B224003A2F10 /* Preview Assets.xcassets in Resources */ = {isa = PBXBuildFile; fileRef = A6DFD3382A67B224003A2F10 /* Preview Assets.xcassets */; };
		A6DFD3402A67B254003A2F10 /* AddFood.swift in Sources */ = {isa = PBXBuildFile; fileRef = A6DFD33F2A67B254003A2F10 /* AddFood.swift */; };
		A6DFD3422A67B271003A2F10 /* SelectFood.swift in Sources */ = {isa = PBXBuildFile; fileRef = A6DFD3412A67B271003A2F10 /* SelectFood.swift */; };
		A6DFD3442A67B27F003A2F10 /* DayDetails.swift in Sources */ = {isa = PBXBuildFile; fileRef = A6DFD3432A67B27F003A2F10 /* DayDetails.swift */; };
		A6DFD3482A67B5BC003A2F10 /* Food.swift in Sources */ = {isa = PBXBuildFile; fileRef = A6DFD3472A67B5BC003A2F10 /* Food.swift */; };
		A6DFD34A2A67B63E003A2F10 /* Day.swift in Sources */ = {isa = PBXBuildFile; fileRef = A6DFD3492A67B63E003A2F10 /* Day.swift */; };
		A6DFD34C2A686502003A2F10 /* Activity.swift in Sources */ = {isa = PBXBuildFile; fileRef = A6DFD34B2A686502003A2F10 /* Activity.swift */; };
		A6DFD3502A6892AA003A2F10 /* DayRow.swift in Sources */ = {isa = PBXBuildFile; fileRef = A6DFD34F2A6892AA003A2F10 /* DayRow.swift */; };
		A6DFD3522A698BE4003A2F10 /* ListFood.swift in Sources */ = {isa = PBXBuildFile; fileRef = A6DFD3512A698BE4003A2F10 /* ListFood.swift */; };
		A6DFD3542A698C7A003A2F10 /* MainView.swift in Sources */ = {isa = PBXBuildFile; fileRef = A6DFD3532A698C7A003A2F10 /* MainView.swift */; };
		A6DFD3582A699010003A2F10 /* FoodRow.swift in Sources */ = {isa = PBXBuildFile; fileRef = A6DFD3572A699010003A2F10 /* FoodRow.swift */; };
/* End PBXBuildFile section */

/* Begin PBXFileReference section */
		A61F18452A69EEB80033DC30 /* Model.swift */ = {isa = PBXFileReference; lastKnownFileType = sourcecode.swift; path = Model.swift; sourceTree = "<group>"; };
		A61F18472A69F94B0033DC30 /* SelectFoodRow.swift */ = {isa = PBXFileReference; lastKnownFileType = sourcecode.swift; path = SelectFoodRow.swift; sourceTree = "<group>"; };
		A61F18492A6A588F0033DC30 /* PreviewData.swift */ = {isa = PBXFileReference; lastKnownFileType = sourcecode.swift; path = PreviewData.swift; sourceTree = "<group>"; };
		A61F184B2A6A5F090033DC30 /* AddActivity.swift */ = {isa = PBXFileReference; lastKnownFileType = sourcecode.swift; path = AddActivity.swift; sourceTree = "<group>"; };
		A61F184D2A6A61530033DC30 /* ActivityRow.swift */ = {isa = PBXFileReference; lastKnownFileType = sourcecode.swift; path = ActivityRow.swift; sourceTree = "<group>"; };
		A61F18512A6AEB9F0033DC30 /* dayNumberOfWeek.swift */ = {isa = PBXFileReference; lastKnownFileType = sourcecode.swift; path = dayNumberOfWeek.swift; sourceTree = "<group>"; };
		A61F18532A6AF47E0033DC30 /* SetRMR.swift */ = {isa = PBXFileReference; lastKnownFileType = sourcecode.swift; path = SetRMR.swift; sourceTree = "<group>"; };
		A67879972A6C550C0054F121 /* README.md */ = {isa = PBXFileReference; lastKnownFileType = net.daringfireball.markdown; path = README.md; sourceTree = "<group>"; };
		A67879992A6C5A910054F121 /* DayDetailFoods.swift */ = {isa = PBXFileReference; lastKnownFileType = sourcecode.swift; path = DayDetailFoods.swift; sourceTree = "<group>"; };
		A678799B2A6C5A9E0054F121 /* DayDetailsActivities.swift */ = {isa = PBXFileReference; lastKnownFileType = sourcecode.swift; path = DayDetailsActivities.swift; sourceTree = "<group>"; };
		A678799F2A6C64A40054F121 /* DayDetailsFoodRow.swift */ = {isa = PBXFileReference; lastKnownFileType = sourcecode.swift; path = DayDetailsFoodRow.swift; sourceTree = "<group>"; };
		A6DFD32E2A67B223003A2F10 /* Simple Calorie Counter.app */ = {isa = PBXFileReference; explicitFileType = wrapper.application; includeInIndex = 0; path = "Simple Calorie Counter.app"; sourceTree = BUILT_PRODUCTS_DIR; };
		A6DFD3312A67B223003A2F10 /* Simple_Calorie_CounterApp.swift */ = {isa = PBXFileReference; lastKnownFileType = sourcecode.swift; path = Simple_Calorie_CounterApp.swift; sourceTree = "<group>"; };
		A6DFD3332A67B223003A2F10 /* ListDays.swift */ = {isa = PBXFileReference; lastKnownFileType = sourcecode.swift; path = ListDays.swift; sourceTree = "<group>"; };
		A6DFD3352A67B224003A2F10 /* Assets.xcassets */ = {isa = PBXFileReference; lastKnownFileType = folder.assetcatalog; path = Assets.xcassets; sourceTree = "<group>"; };
		A6DFD3382A67B224003A2F10 /* Preview Assets.xcassets */ = {isa = PBXFileReference; lastKnownFileType = folder.assetcatalog; path = "Preview Assets.xcassets"; sourceTree = "<group>"; };
		A6DFD33F2A67B254003A2F10 /* AddFood.swift */ = {isa = PBXFileReference; lastKnownFileType = sourcecode.swift; path = AddFood.swift; sourceTree = "<group>"; };
		A6DFD3412A67B271003A2F10 /* SelectFood.swift */ = {isa = PBXFileReference; lastKnownFileType = sourcecode.swift; path = SelectFood.swift; sourceTree = "<group>"; };
		A6DFD3432A67B27F003A2F10 /* DayDetails.swift */ = {isa = PBXFileReference; lastKnownFileType = sourcecode.swift; path = DayDetails.swift; sourceTree = "<group>"; };
		A6DFD3472A67B5BC003A2F10 /* Food.swift */ = {isa = PBXFileReference; lastKnownFileType = sourcecode.swift; path = Food.swift; sourceTree = "<group>"; };
		A6DFD3492A67B63E003A2F10 /* Day.swift */ = {isa = PBXFileReference; lastKnownFileType = sourcecode.swift; path = Day.swift; sourceTree = "<group>"; };
		A6DFD34B2A686502003A2F10 /* Activity.swift */ = {isa = PBXFileReference; lastKnownFileType = sourcecode.swift; path = Activity.swift; sourceTree = "<group>"; };
		A6DFD34F2A6892AA003A2F10 /* DayRow.swift */ = {isa = PBXFileReference; lastKnownFileType = sourcecode.swift; path = DayRow.swift; sourceTree = "<group>"; };
		A6DFD3512A698BE4003A2F10 /* ListFood.swift */ = {isa = PBXFileReference; lastKnownFileType = sourcecode.swift; path = ListFood.swift; sourceTree = "<group>"; };
		A6DFD3532A698C7A003A2F10 /* MainView.swift */ = {isa = PBXFileReference; lastKnownFileType = sourcecode.swift; path = MainView.swift; sourceTree = "<group>"; };
		A6DFD3572A699010003A2F10 /* FoodRow.swift */ = {isa = PBXFileReference; lastKnownFileType = sourcecode.swift; path = FoodRow.swift; sourceTree = "<group>"; };
/* End PBXFileReference section */

/* Begin PBXFrameworksBuildPhase section */
		A6DFD32B2A67B223003A2F10 /* Frameworks */ = {
			isa = PBXFrameworksBuildPhase;
			buildActionMask = 2147483647;
			files = (
			);
			runOnlyForDeploymentPostprocessing = 0;
		};
/* End PBXFrameworksBuildPhase section */

/* Begin PBXGroup section */
		A6DFD3252A67B223003A2F10 = {
			isa = PBXGroup;
			children = (
				A6DFD3302A67B223003A2F10 /* Simple Calorie Counter */,
				A6DFD32F2A67B223003A2F10 /* Products */,
			);
			sourceTree = "<group>";
		};
		A6DFD32F2A67B223003A2F10 /* Products */ = {
			isa = PBXGroup;
			children = (
				A6DFD32E2A67B223003A2F10 /* Simple Calorie Counter.app */,
			);
			name = Products;
			sourceTree = "<group>";
		};
		A6DFD3302A67B223003A2F10 /* Simple Calorie Counter */ = {
			isa = PBXGroup;
			children = (
				A6DFD3312A67B223003A2F10 /* Simple_Calorie_CounterApp.swift */,
				A6DFD3532A698C7A003A2F10 /* MainView.swift */,
				A6DFD3572A699010003A2F10 /* FoodRow.swift */,
				A6DFD3332A67B223003A2F10 /* ListDays.swift */,
				A6DFD33F2A67B254003A2F10 /* AddFood.swift */,
				A6DFD3432A67B27F003A2F10 /* DayDetails.swift */,
				A6DFD3412A67B271003A2F10 /* SelectFood.swift */,
				A6DFD3472A67B5BC003A2F10 /* Food.swift */,
				A6DFD34F2A6892AA003A2F10 /* DayRow.swift */,
				A6DFD3492A67B63E003A2F10 /* Day.swift */,
				A6DFD3512A698BE4003A2F10 /* ListFood.swift */,
				A6DFD34B2A686502003A2F10 /* Activity.swift */,
				A61F18452A69EEB80033DC30 /* Model.swift */,
				A61F18472A69F94B0033DC30 /* SelectFoodRow.swift */,
				A61F18492A6A588F0033DC30 /* PreviewData.swift */,
				A61F184B2A6A5F090033DC30 /* AddActivity.swift */,
				A61F184D2A6A61530033DC30 /* ActivityRow.swift */,
				A6DFD3352A67B224003A2F10 /* Assets.xcassets */,
				A6DFD3372A67B224003A2F10 /* Preview Content */,
				A61F18512A6AEB9F0033DC30 /* dayNumberOfWeek.swift */,
				A61F18532A6AF47E0033DC30 /* SetRMR.swift */,
				A67879972A6C550C0054F121 /* README.md */,
				A67879992A6C5A910054F121 /* DayDetailFoods.swift */,
				A678799B2A6C5A9E0054F121 /* DayDetailsActivities.swift */,
				A678799F2A6C64A40054F121 /* DayDetailsFoodRow.swift */,
			);
			path = "Simple Calorie Counter";
			sourceTree = "<group>";
		};
		A6DFD3372A67B224003A2F10 /* Preview Content */ = {
			isa = PBXGroup;
			children = (
				A6DFD3382A67B224003A2F10 /* Preview Assets.xcassets */,
			);
			path = "Preview Content";
			sourceTree = "<group>";
		};
/* End PBXGroup section */

/* Begin PBXNativeTarget section */
		A6DFD32D2A67B223003A2F10 /* Simple Calorie Counter */ = {
			isa = PBXNativeTarget;
			buildConfigurationList = A6DFD33C2A67B224003A2F10 /* Build configuration list for PBXNativeTarget "Simple Calorie Counter" */;
			buildPhases = (
				A6DFD32A2A67B223003A2F10 /* Sources */,
				A6DFD32B2A67B223003A2F10 /* Frameworks */,
				A6DFD32C2A67B223003A2F10 /* Resources */,
			);
			buildRules = (
			);
			dependencies = (
			);
			name = "Simple Calorie Counter";
			productName = "Simple Calorie Counter";
			productReference = A6DFD32E2A67B223003A2F10 /* Simple Calorie Counter.app */;
			productType = "com.apple.product-type.application";
		};
/* End PBXNativeTarget section */

/* Begin PBXProject section */
		A6DFD3262A67B223003A2F10 /* Project object */ = {
			isa = PBXProject;
			attributes = {
				BuildIndependentTargetsInParallel = 1;
				LastSwiftUpdateCheck = 1420;
				LastUpgradeCheck = 1420;
				TargetAttributes = {
					A6DFD32D2A67B223003A2F10 = {
						CreatedOnToolsVersion = 14.2;
					};
				};
			};
			buildConfigurationList = A6DFD3292A67B223003A2F10 /* Build configuration list for PBXProject "Simple Calorie Counter" */;
			compatibilityVersion = "Xcode 14.0";
			developmentRegion = en;
			hasScannedForEncodings = 0;
			knownRegions = (
				en,
				Base,
			);
			mainGroup = A6DFD3252A67B223003A2F10;
			productRefGroup = A6DFD32F2A67B223003A2F10 /* Products */;
			projectDirPath = "";
			projectRoot = "";
			targets = (
				A6DFD32D2A67B223003A2F10 /* Simple Calorie Counter */,
			);
		};
/* End PBXProject section */

/* Begin PBXResourcesBuildPhase section */
		A6DFD32C2A67B223003A2F10 /* Resources */ = {
			isa = PBXResourcesBuildPhase;
			buildActionMask = 2147483647;
			files = (
				A67879982A6C550C0054F121 /* README.md in Resources */,
				A6DFD3392A67B224003A2F10 /* Preview Assets.xcassets in Resources */,
				A6DFD3362A67B224003A2F10 /* Assets.xcassets in Resources */,
			);
			runOnlyForDeploymentPostprocessing = 0;
		};
/* End PBXResourcesBuildPhase section */

/* Begin PBXSourcesBuildPhase section */
		A6DFD32A2A67B223003A2F10 /* Sources */ = {
			isa = PBXSourcesBuildPhase;
			buildActionMask = 2147483647;
			files = (
				A6DFD3582A699010003A2F10 /* FoodRow.swift in Sources */,
				A6DFD34A2A67B63E003A2F10 /* Day.swift in Sources */,
				A61F184C2A6A5F090033DC30 /* AddActivity.swift in Sources */,
				A6DFD3522A698BE4003A2F10 /* ListFood.swift in Sources */,
				A6DFD3442A67B27F003A2F10 /* DayDetails.swift in Sources */,
				A6DFD3342A67B223003A2F10 /* ListDays.swift in Sources */,
				A67879A02A6C64A40054F121 /* DayDetailsFoodRow.swift in Sources */,
				A61F184A2A6A588F0033DC30 /* PreviewData.swift in Sources */,
				A678799A2A6C5A910054F121 /* DayDetailFoods.swift in Sources */,
				A6DFD3402A67B254003A2F10 /* AddFood.swift in Sources */,
				A61F18482A69F94C0033DC30 /* SelectFoodRow.swift in Sources */,
				A61F18462A69EEB80033DC30 /* Model.swift in Sources */,
				A6DFD3322A67B223003A2F10 /* Simple_Calorie_CounterApp.swift in Sources */,
				A6DFD3422A67B271003A2F10 /* SelectFood.swift in Sources */,
				A61F184E2A6A61530033DC30 /* ActivityRow.swift in Sources */,
				A6DFD3542A698C7A003A2F10 /* MainView.swift in Sources */,
				A6DFD34C2A686502003A2F10 /* Activity.swift in Sources */,
				A61F18522A6AEB9F0033DC30 /* dayNumberOfWeek.swift in Sources */,
				A61F18542A6AF47E0033DC30 /* SetRMR.swift in Sources */,
				A6DFD3482A67B5BC003A2F10 /* Food.swift in Sources */,
				A6DFD3502A6892AA003A2F10 /* DayRow.swift in Sources */,
				A678799C2A6C5A9E0054F121 /* DayDetailsActivities.swift in Sources */,
			);
			runOnlyForDeploymentPostprocessing = 0;
		};
/* End PBXSourcesBuildPhase section */

/* Begin XCBuildConfiguration section */
		A6DFD33A2A67B224003A2F10 /* Debug */ = {
			isa = XCBuildConfiguration;
			buildSettings = {
				ALWAYS_SEARCH_USER_PATHS = NO;
				CLANG_ANALYZER_NONNULL = YES;
				CLANG_ANALYZER_NUMBER_OBJECT_CONVERSION = YES_AGGRESSIVE;
				CLANG_CXX_LANGUAGE_STANDARD = "gnu++20";
				CLANG_ENABLE_MODULES = YES;
				CLANG_ENABLE_OBJC_ARC = YES;
				CLANG_ENABLE_OBJC_WEAK = YES;
				CLANG_WARN_BLOCK_CAPTURE_AUTORELEASING = YES;
				CLANG_WARN_BOOL_CONVERSION = YES;
				CLANG_WARN_COMMA = YES;
				CLANG_WARN_CONSTANT_CONVERSION = YES;
				CLANG_WARN_DEPRECATED_OBJC_IMPLEMENTATIONS = YES;
				CLANG_WARN_DIRECT_OBJC_ISA_USAGE = YES_ERROR;
				CLANG_WARN_DOCUMENTATION_COMMENTS = YES;
				CLANG_WARN_EMPTY_BODY = YES;
				CLANG_WARN_ENUM_CONVERSION = YES;
				CLANG_WARN_INFINITE_RECURSION = YES;
				CLANG_WARN_INT_CONVERSION = YES;
				CLANG_WARN_NON_LITERAL_NULL_CONVERSION = YES;
				CLANG_WARN_OBJC_IMPLICIT_RETAIN_SELF = YES;
				CLANG_WARN_OBJC_LITERAL_CONVERSION = YES;
				CLANG_WARN_OBJC_ROOT_CLASS = YES_ERROR;
				CLANG_WARN_QUOTED_INCLUDE_IN_FRAMEWORK_HEADER = YES;
				CLANG_WARN_RANGE_LOOP_ANALYSIS = YES;
				CLANG_WARN_STRICT_PROTOTYPES = YES;
				CLANG_WARN_SUSPICIOUS_MOVE = YES;
				CLANG_WARN_UNGUARDED_AVAILABILITY = YES_AGGRESSIVE;
				CLANG_WARN_UNREACHABLE_CODE = YES;
				CLANG_WARN__DUPLICATE_METHOD_MATCH = YES;
				COPY_PHASE_STRIP = NO;
				DEBUG_INFORMATION_FORMAT = dwarf;
				ENABLE_STRICT_OBJC_MSGSEND = YES;
				ENABLE_TESTABILITY = YES;
				GCC_C_LANGUAGE_STANDARD = gnu11;
				GCC_DYNAMIC_NO_PIC = NO;
				GCC_NO_COMMON_BLOCKS = YES;
				GCC_OPTIMIZATION_LEVEL = 0;
				GCC_PREPROCESSOR_DEFINITIONS = (
					"DEBUG=1",
					"$(inherited)",
				);
				GCC_WARN_64_TO_32_BIT_CONVERSION = YES;
				GCC_WARN_ABOUT_RETURN_TYPE = YES_ERROR;
				GCC_WARN_UNDECLARED_SELECTOR = YES;
				GCC_WARN_UNINITIALIZED_AUTOS = YES_AGGRESSIVE;
				GCC_WARN_UNUSED_FUNCTION = YES;
				GCC_WARN_UNUSED_VARIABLE = YES;
				IPHONEOS_DEPLOYMENT_TARGET = 16.2;
				MTL_ENABLE_DEBUG_INFO = INCLUDE_SOURCE;
				MTL_FAST_MATH = YES;
				ONLY_ACTIVE_ARCH = YES;
				SDKROOT = iphoneos;
				SWIFT_ACTIVE_COMPILATION_CONDITIONS = DEBUG;
				SWIFT_OPTIMIZATION_LEVEL = "-Onone";
			};
			name = Debug;
		};
		A6DFD33B2A67B224003A2F10 /* Release */ = {
			isa = XCBuildConfiguration;
			buildSettings = {
				ALWAYS_SEARCH_USER_PATHS = NO;
				CLANG_ANALYZER_NONNULL = YES;
				CLANG_ANALYZER_NUMBER_OBJECT_CONVERSION = YES_AGGRESSIVE;
				CLANG_CXX_LANGUAGE_STANDARD = "gnu++20";
				CLANG_ENABLE_MODULES = YES;
				CLANG_ENABLE_OBJC_ARC = YES;
				CLANG_ENABLE_OBJC_WEAK = YES;
				CLANG_WARN_BLOCK_CAPTURE_AUTORELEASING = YES;
				CLANG_WARN_BOOL_CONVERSION = YES;
				CLANG_WARN_COMMA = YES;
				CLANG_WARN_CONSTANT_CONVERSION = YES;
				CLANG_WARN_DEPRECATED_OBJC_IMPLEMENTATIONS = YES;
				CLANG_WARN_DIRECT_OBJC_ISA_USAGE = YES_ERROR;
				CLANG_WARN_DOCUMENTATION_COMMENTS = YES;
				CLANG_WARN_EMPTY_BODY = YES;
				CLANG_WARN_ENUM_CONVERSION = YES;
				CLANG_WARN_INFINITE_RECURSION = YES;
				CLANG_WARN_INT_CONVERSION = YES;
				CLANG_WARN_NON_LITERAL_NULL_CONVERSION = YES;
				CLANG_WARN_OBJC_IMPLICIT_RETAIN_SELF = YES;
				CLANG_WARN_OBJC_LITERAL_CONVERSION = YES;
				CLANG_WARN_OBJC_ROOT_CLASS = YES_ERROR;
				CLANG_WARN_QUOTED_INCLUDE_IN_FRAMEWORK_HEADER = YES;
				CLANG_WARN_RANGE_LOOP_ANALYSIS = YES;
				CLANG_WARN_STRICT_PROTOTYPES = YES;
				CLANG_WARN_SUSPICIOUS_MOVE = YES;
				CLANG_WARN_UNGUARDED_AVAILABILITY = YES_AGGRESSIVE;
				CLANG_WARN_UNREACHABLE_CODE = YES;
				CLANG_WARN__DUPLICATE_METHOD_MATCH = YES;
				COPY_PHASE_STRIP = NO;
				DEBUG_INFORMATION_FORMAT = "dwarf-with-dsym";
				ENABLE_NS_ASSERTIONS = NO;
				ENABLE_STRICT_OBJC_MSGSEND = YES;
				GCC_C_LANGUAGE_STANDARD = gnu11;
				GCC_NO_COMMON_BLOCKS = YES;
				GCC_WARN_64_TO_32_BIT_CONVERSION = YES;
				GCC_WARN_ABOUT_RETURN_TYPE = YES_ERROR;
				GCC_WARN_UNDECLARED_SELECTOR = YES;
				GCC_WARN_UNINITIALIZED_AUTOS = YES_AGGRESSIVE;
				GCC_WARN_UNUSED_FUNCTION = YES;
				GCC_WARN_UNUSED_VARIABLE = YES;
				IPHONEOS_DEPLOYMENT_TARGET = 16.2;
				MTL_ENABLE_DEBUG_INFO = NO;
				MTL_FAST_MATH = YES;
				SDKROOT = iphoneos;
				SWIFT_COMPILATION_MODE = wholemodule;
				SWIFT_OPTIMIZATION_LEVEL = "-O";
				VALIDATE_PRODUCT = YES;
			};
			name = Release;
		};
		A6DFD33D2A67B224003A2F10 /* Debug */ = {
			isa = XCBuildConfiguration;
			buildSettings = {
				ASSETCATALOG_COMPILER_APPICON_NAME = AppIcon;
				ASSETCATALOG_COMPILER_GLOBAL_ACCENT_COLOR_NAME = AccentColor;
				CODE_SIGN_STYLE = Automatic;
				CURRENT_PROJECT_VERSION = 1;
				DEVELOPMENT_ASSET_PATHS = "\"Simple Calorie Counter/Preview Content\"";
				DEVELOPMENT_TEAM = EDPNS97QP6;
				ENABLE_PREVIEWS = YES;
				GENERATE_INFOPLIST_FILE = YES;
				INFOPLIST_KEY_UIApplicationSceneManifest_Generation = YES;
				INFOPLIST_KEY_UIApplicationSupportsIndirectInputEvents = YES;
				INFOPLIST_KEY_UILaunchScreen_Generation = YES;
				INFOPLIST_KEY_UISupportedInterfaceOrientations_iPad = "UIInterfaceOrientationPortrait UIInterfaceOrientationPortraitUpsideDown UIInterfaceOrientationLandscapeLeft UIInterfaceOrientationLandscapeRight";
				INFOPLIST_KEY_UISupportedInterfaceOrientations_iPhone = "UIInterfaceOrientationPortrait UIInterfaceOrientationLandscapeLeft UIInterfaceOrientationLandscapeRight";
				LD_RUNPATH_SEARCH_PATHS = (
					"$(inherited)",
					"@executable_path/Frameworks",
				);
				MARKETING_VERSION = 1.0;
				PRODUCT_BUNDLE_IDENTIFIER = "techgnosis.Simple-Calorie-Counter";
				PRODUCT_NAME = "$(TARGET_NAME)";
				SWIFT_EMIT_LOC_STRINGS = YES;
				SWIFT_VERSION = 5.0;
				TARGETED_DEVICE_FAMILY = "1,2";
			};
			name = Debug;
		};
		A6DFD33E2A67B224003A2F10 /* Release */ = {
			isa = XCBuildConfiguration;
			buildSettings = {
				ASSETCATALOG_COMPILER_APPICON_NAME = AppIcon;
				ASSETCATALOG_COMPILER_GLOBAL_ACCENT_COLOR_NAME = AccentColor;
				CODE_SIGN_STYLE = Automatic;
				CURRENT_PROJECT_VERSION = 1;
				DEVELOPMENT_ASSET_PATHS = "\"Simple Calorie Counter/Preview Content\"";
				DEVELOPMENT_TEAM = EDPNS97QP6;
				ENABLE_PREVIEWS = YES;
				GENERATE_INFOPLIST_FILE = YES;
				INFOPLIST_KEY_UIApplicationSceneManifest_Generation = YES;
				INFOPLIST_KEY_UIApplicationSupportsIndirectInputEvents = YES;
				INFOPLIST_KEY_UILaunchScreen_Generation = YES;
				INFOPLIST_KEY_UISupportedInterfaceOrientations_iPad = "UIInterfaceOrientationPortrait UIInterfaceOrientationPortraitUpsideDown UIInterfaceOrientationLandscapeLeft UIInterfaceOrientationLandscapeRight";
				INFOPLIST_KEY_UISupportedInterfaceOrientations_iPhone = "UIInterfaceOrientationPortrait UIInterfaceOrientationLandscapeLeft UIInterfaceOrientationLandscapeRight";
				LD_RUNPATH_SEARCH_PATHS = (
					"$(inherited)",
					"@executable_path/Frameworks",
				);
				MARKETING_VERSION = 1.0;
				PRODUCT_BUNDLE_IDENTIFIER = "techgnosis.Simple-Calorie-Counter";
				PRODUCT_NAME = "$(TARGET_NAME)";
				SWIFT_EMIT_LOC_STRINGS = YES;
				SWIFT_VERSION = 5.0;
				TARGETED_DEVICE_FAMILY = "1,2";
			};
			name = Release;
		};
/* End XCBuildConfiguration section */

/* Begin XCConfigurationList section */
		A6DFD3292A67B223003A2F10 /* Build configuration list for PBXProject "Simple Calorie Counter" */ = {
			isa = XCConfigurationList;
			buildConfigurations = (
				A6DFD33A2A67B224003A2F10 /* Debug */,
				A6DFD33B2A67B224003A2F10 /* Release */,
			);
			defaultConfigurationIsVisible = 0;
			defaultConfigurationName = Release;
		};
		A6DFD33C2A67B224003A2F10 /* Build configuration list for PBXNativeTarget "Simple Calorie Counter" */ = {
			isa = XCConfigurationList;
			buildConfigurations = (
				A6DFD33D2A67B224003A2F10 /* Debug */,
				A6DFD33E2A67B224003A2F10 /* Release */,
			);
			defaultConfigurationIsVisible = 0;
			defaultConfigurationName = Release;
		};
/* End XCConfigurationList section */
	};
	rootObject = A6DFD3262A67B223003A2F10 /* Project object */;
}
